
Microsoft Visual Studio Solution File, Format Version 12.00
# Visual Studio Version 16
VisualStudioVersion = 16.0.30011.22
MinimumVisualStudioVersion = 10.0.40219.1
Project("{9A19103F-16F7-4668-BE54-9A1E7A4F7556}") = "MyCollection.Common", "MyCollection.Common\MyCollection.Common.csproj", "{CB4ECE51-4D8A-497A-A1FD-4614635E83AD}"
EndProject
Project("{9A19103F-16F7-4668-BE54-9A1E7A4F7556}") = "MyCollection.Web", "MyCollection.Web\MyCollection.Web.csproj", "{6958C548-9D19-4FED-850C-D4791E9738DF}"
EndProject
Project("{9A19103F-16F7-4668-BE54-9A1E7A4F7556}") = "MyCollection.Prism", "MyCollection.Prism\MyCollection.Prism\MyCollection.Prism.csproj", "{B2142E93-6764-4340-AD7F-C1E284C7A97E}"
EndProject
Project("{FAE04EC0-301F-11D3-BF4B-00C04F79EFBC}") = "MyCollection.Prism.Android", "MyCollection.Prism\MyCollection.Prism.Android\MyCollection.Prism.Android.csproj", "{056385D6-E97F-4064-95F2-10574AFB16AB}"
EndProject
Project("{FAE04EC0-301F-11D3-BF4B-00C04F79EFBC}") = "MyCollection.Prism.iOS", "MyCollection.Prism\MyCollection.Prism.iOS\MyCollection.Prism.iOS.csproj", "{671C3DC9-7A87-47B5-8D87-20E7B23B962B}"
EndProject
Global
	GlobalSection(SolutionConfigurationPlatforms) = preSolution
		Ad-Hoc|Any CPU = Ad-Hoc|Any CPU
		Ad-Hoc|ARM = Ad-Hoc|ARM
		Ad-Hoc|iPhone = Ad-Hoc|iPhone
		Ad-Hoc|iPhoneSimulator = Ad-Hoc|iPhoneSimulator
		Ad-Hoc|x64 = Ad-Hoc|x64
		Ad-Hoc|x86 = Ad-Hoc|x86
		AppStore|Any CPU = AppStore|Any CPU
		AppStore|ARM = AppStore|ARM
		AppStore|iPhone = AppStore|iPhone
		AppStore|iPhoneSimulator = AppStore|iPhoneSimulator
		AppStore|x64 = AppStore|x64
		AppStore|x86 = AppStore|x86
		Debug|Any CPU = Debug|Any CPU
		Debug|ARM = Debug|ARM
		Debug|iPhone = Debug|iPhone
		Debug|iPhoneSimulator = Debug|iPhoneSimulator
		Debug|x64 = Debug|x64
		Debug|x86 = Debug|x86
		Release|Any CPU = Release|Any CPU
		Release|ARM = Release|ARM
		Release|iPhone = Release|iPhone
		Release|iPhoneSimulator = Release|iPhoneSimulator
		Release|x64 = Release|x64
		Release|x86 = Release|x86
	EndGlobalSection
	GlobalSection(ProjectConfigurationPlatforms) = postSolution
		{CB4ECE51-4D8A-497A-A1FD-4614635E83AD}.Ad-Hoc|Any CPU.ActiveCfg = Release|Any CPU
		{CB4ECE51-4D8A-497A-A1FD-4614635E83AD}.Ad-Hoc|Any CPU.Build.0 = Release|Any CPU
		{CB4ECE51-4D8A-497A-A1FD-4614635E83AD}.Ad-Hoc|ARM.ActiveCfg = Release|Any CPU
		{CB4ECE51-4D8A-497A-A1FD-4614635E83AD}.Ad-Hoc|ARM.Build.0 = Release|Any CPU
		{CB4ECE51-4D8A-497A-A1FD-4614635E83AD}.Ad-Hoc|iPhone.ActiveCfg = Release|Any CPU
		{CB4ECE51-4D8A-497A-A1FD-4614635E83AD}.Ad-Hoc|iPhone.Build.0 = Release|Any CPU
		{CB4ECE51-4D8A-497A-A1FD-4614635E83AD}.Ad-Hoc|iPhoneSimulator.ActiveCfg = Release|Any CPU
		{CB4ECE51-4D8A-497A-A1FD-4614635E83AD}.Ad-Hoc|iPhoneSimulator.Build.0 = Release|Any CPU
		{CB4ECE51-4D8A-497A-A1FD-4614635E83AD}.Ad-Hoc|x64.ActiveCfg = Release|Any CPU
		{CB4ECE51-4D8A-497A-A1FD-4614635E83AD}.Ad-Hoc|x64.Build.0 = Release|Any CPU
		{CB4ECE51-4D8A-497A-A1FD-4614635E83AD}.Ad-Hoc|x86.ActiveCfg = Release|Any CPU
		{CB4ECE51-4D8A-497A-A1FD-4614635E83AD}.Ad-Hoc|x86.Build.0 = Release|Any CPU
		{CB4ECE51-4D8A-497A-A1FD-4614635E83AD}.AppStore|Any CPU.ActiveCfg = Release|Any CPU
		{CB4ECE51-4D8A-497A-A1FD-4614635E83AD}.AppStore|Any CPU.Build.0 = Release|Any CPU
		{CB4ECE51-4D8A-497A-A1FD-4614635E83AD}.AppStore|ARM.ActiveCfg = Release|Any CPU
		{CB4ECE51-4D8A-497A-A1FD-4614635E83AD}.AppStore|ARM.Build.0 = Release|Any CPU
		{CB4ECE51-4D8A-497A-A1FD-4614635E83AD}.AppStore|iPhone.ActiveCfg = Release|Any CPU
		{CB4ECE51-4D8A-497A-A1FD-4614635E83AD}.AppStore|iPhone.Build.0 = Release|Any CPU
		{CB4ECE51-4D8A-497A-A1FD-4614635E83AD}.AppStore|iPhoneSimulator.ActiveCfg = Release|Any CPU
		{CB4ECE51-4D8A-497A-A1FD-4614635E83AD}.AppStore|iPhoneSimulator.Build.0 = Release|Any CPU
		{CB4ECE51-4D8A-497A-A1FD-4614635E83AD}.AppStore|x64.ActiveCfg = Release|Any CPU
		{CB4ECE51-4D8A-497A-A1FD-4614635E83AD}.AppStore|x64.Build.0 = Release|Any CPU
		{CB4ECE51-4D8A-497A-A1FD-4614635E83AD}.AppStore|x86.ActiveCfg = Release|Any CPU
		{CB4ECE51-4D8A-497A-A1FD-4614635E83AD}.AppStore|x86.Build.0 = Release|Any CPU
		{CB4ECE51-4D8A-497A-A1FD-4614635E83AD}.Debug|Any CPU.ActiveCfg = Debug|Any CPU
		{CB4ECE51-4D8A-497A-A1FD-4614635E83AD}.Debug|Any CPU.Build.0 = Debug|Any CPU
		{CB4ECE51-4D8A-497A-A1FD-4614635E83AD}.Debug|ARM.ActiveCfg = Debug|Any CPU
		{CB4ECE51-4D8A-497A-A1FD-4614635E83AD}.Debug|ARM.Build.0 = Debug|Any CPU
		{CB4ECE51-4D8A-497A-A1FD-4614635E83AD}.Debug|iPhone.ActiveCfg = Debug|Any CPU
		{CB4ECE51-4D8A-497A-A1FD-4614635E83AD}.Debug|iPhone.Build.0 = Debug|Any CPU
		{CB4ECE51-4D8A-497A-A1FD-4614635E83AD}.Debug|iPhoneSimulator.ActiveCfg = Debug|Any CPU
		{CB4ECE51-4D8A-497A-A1FD-4614635E83AD}.Debug|iPhoneSimulator.Build.0 = Debug|Any CPU
		{CB4ECE51-4D8A-497A-A1FD-4614635E83AD}.Debug|x64.ActiveCfg = Debug|Any CPU
		{CB4ECE51-4D8A-497A-A1FD-4614635E83AD}.Debug|x64.Build.0 = Debug|Any CPU
		{CB4ECE51-4D8A-497A-A1FD-4614635E83AD}.Debug|x86.ActiveCfg = Debug|Any CPU
		{CB4ECE51-4D8A-497A-A1FD-4614635E83AD}.Debug|x86.Build.0 = Debug|Any CPU
		{CB4ECE51-4D8A-497A-A1FD-4614635E83AD}.Release|Any CPU.ActiveCfg = Release|Any CPU
		{CB4ECE51-4D8A-497A-A1FD-4614635E83AD}.Release|Any CPU.Build.0 = Release|Any CPU
		{CB4ECE51-4D8A-497A-A1FD-4614635E83AD}.Release|ARM.ActiveCfg = Release|Any CPU
		{CB4ECE51-4D8A-497A-A1FD-4614635E83AD}.Release|ARM.Build.0 = Release|Any CPU
		{CB4ECE51-4D8A-497A-A1FD-4614635E83AD}.Release|iPhone.ActiveCfg = Release|Any CPU
		{CB4ECE51-4D8A-497A-A1FD-4614635E83AD}.Release|iPhone.Build.0 = Release|Any CPU
		{CB4ECE51-4D8A-497A-A1FD-4614635E83AD}.Release|iPhoneSimulator.ActiveCfg = Release|Any CPU
		{CB4ECE51-4D8A-497A-A1FD-4614635E83AD}.Release|iPhoneSimulator.Build.0 = Release|Any CPU
		{CB4ECE51-4D8A-497A-A1FD-4614635E83AD}.Release|x64.ActiveCfg = Release|Any CPU
		{CB4ECE51-4D8A-497A-A1FD-4614635E83AD}.Release|x64.Build.0 = Release|Any CPU
		{CB4ECE51-4D8A-497A-A1FD-4614635E83AD}.Release|x86.ActiveCfg = Release|Any CPU
		{CB4ECE51-4D8A-497A-A1FD-4614635E83AD}.Release|x86.Build.0 = Release|Any CPU
		{6958C548-9D19-4FED-850C-D4791E9738DF}.Ad-Hoc|Any CPU.ActiveCfg = Release|Any CPU
		{6958C548-9D19-4FED-850C-D4791E9738DF}.Ad-Hoc|Any CPU.Build.0 = Release|Any CPU
		{6958C548-9D19-4FED-850C-D4791E9738DF}.Ad-Hoc|ARM.ActiveCfg = Release|Any CPU
		{6958C548-9D19-4FED-850C-D4791E9738DF}.Ad-Hoc|ARM.Build.0 = Release|Any CPU
		{6958C548-9D19-4FED-850C-D4791E9738DF}.Ad-Hoc|iPhone.ActiveCfg = Release|Any CPU
		{6958C548-9D19-4FED-850C-D4791E9738DF}.Ad-Hoc|iPhone.Build.0 = Release|Any CPU
		{6958C548-9D19-4FED-850C-D4791E9738DF}.Ad-Hoc|iPhoneSimulator.ActiveCfg = Release|Any CPU
		{6958C548-9D19-4FED-850C-D4791E9738DF}.Ad-Hoc|iPhoneSimulator.Build.0 = Release|Any CPU
		{6958C548-9D19-4FED-850C-D4791E9738DF}.Ad-Hoc|x64.ActiveCfg = Release|Any CPU
		{6958C548-9D19-4FED-850C-D4791E9738DF}.Ad-Hoc|x64.Build.0 = Release|Any CPU
		{6958C548-9D19-4FED-850C-D4791E9738DF}.Ad-Hoc|x86.ActiveCfg = Release|Any CPU
		{6958C548-9D19-4FED-850C-D4791E9738DF}.Ad-Hoc|x86.Build.0 = Release|Any CPU
		{6958C548-9D19-4FED-850C-D4791E9738DF}.AppStore|Any CPU.ActiveCfg = Release|Any CPU
		{6958C548-9D19-4FED-850C-D4791E9738DF}.AppStore|Any CPU.Build.0 = Release|Any CPU
		{6958C548-9D19-4FED-850C-D4791E9738DF}.AppStore|ARM.ActiveCfg = Release|Any CPU
		{6958C548-9D19-4FED-850C-D4791E9738DF}.AppStore|ARM.Build.0 = Release|Any CPU
		{6958C548-9D19-4FED-850C-D4791E9738DF}.AppStore|iPhone.ActiveCfg = Release|Any CPU
		{6958C548-9D19-4FED-850C-D4791E9738DF}.AppStore|iPhone.Build.0 = Release|Any CPU
		{6958C548-9D19-4FED-850C-D4791E9738DF}.AppStore|iPhoneSimulator.ActiveCfg = Release|Any CPU
		{6958C548-9D19-4FED-850C-D4791E9738DF}.AppStore|iPhoneSimulator.Build.0 = Release|Any CPU
		{6958C548-9D19-4FED-850C-D4791E9738DF}.AppStore|x64.ActiveCfg = Release|Any CPU
		{6958C548-9D19-4FED-850C-D4791E9738DF}.AppStore|x64.Build.0 = Release|Any CPU
		{6958C548-9D19-4FED-850C-D4791E9738DF}.AppStore|x86.ActiveCfg = Release|Any CPU
		{6958C548-9D19-4FED-850C-D4791E9738DF}.AppStore|x86.Build.0 = Release|Any CPU
		{6958C548-9D19-4FED-850C-D4791E9738DF}.Debug|Any CPU.ActiveCfg = Debug|Any CPU
		{6958C548-9D19-4FED-850C-D4791E9738DF}.Debug|Any CPU.Build.0 = Debug|Any CPU
		{6958C548-9D19-4FED-850C-D4791E9738DF}.Debug|ARM.ActiveCfg = Debug|Any CPU
		{6958C548-9D19-4FED-850C-D4791E9738DF}.Debug|ARM.Build.0 = Debug|Any CPU
		{6958C548-9D19-4FED-850C-D4791E9738DF}.Debug|iPhone.ActiveCfg = Debug|Any CPU
		{6958C548-9D19-4FED-850C-D4791E9738DF}.Debug|iPhone.Build.0 = Debug|Any CPU
		{6958C548-9D19-4FED-850C-D4791E9738DF}.Debug|iPhoneSimulator.ActiveCfg = Debug|Any CPU
		{6958C548-9D19-4FED-850C-D4791E9738DF}.Debug|iPhoneSimulator.Build.0 = Debug|Any CPU
		{6958C548-9D19-4FED-850C-D4791E9738DF}.Debug|x64.ActiveCfg = Debug|Any CPU
		{6958C548-9D19-4FED-850C-D4791E9738DF}.Debug|x64.Build.0 = Debug|Any CPU
		{6958C548-9D19-4FED-850C-D4791E9738DF}.Debug|x86.ActiveCfg = Debug|Any CPU
		{6958C548-9D19-4FED-850C-D4791E9738DF}.Debug|x86.Build.0 = Debug|Any CPU
		{6958C548-9D19-4FED-850C-D4791E9738DF}.Release|Any CPU.ActiveCfg = Release|Any CPU
		{6958C548-9D19-4FED-850C-D4791E9738DF}.Release|Any CPU.Build.0 = Release|Any CPU
		{6958C548-9D19-4FED-850C-D4791E9738DF}.Release|ARM.ActiveCfg = Release|Any CPU
		{6958C548-9D19-4FED-850C-D4791E9738DF}.Release|ARM.Build.0 = Release|Any CPU
		{6958C548-9D19-4FED-850C-D4791E9738DF}.Release|iPhone.ActiveCfg = Release|Any CPU
		{6958C548-9D19-4FED-850C-D4791E9738DF}.Release|iPhone.Build.0 = Release|Any CPU
		{6958C548-9D19-4FED-850C-D4791E9738DF}.Release|iPhoneSimulator.ActiveCfg = Release|Any CPU
		{6958C548-9D19-4FED-850C-D4791E9738DF}.Release|iPhoneSimulator.Build.0 = Release|Any CPU
		{6958C548-9D19-4FED-850C-D4791E9738DF}.Release|x64.ActiveCfg = Release|Any CPU
		{6958C548-9D19-4FED-850C-D4791E9738DF}.Release|x64.Build.0 = Release|Any CPU
		{6958C548-9D19-4FED-850C-D4791E9738DF}.Release|x86.ActiveCfg = Release|Any CPU
		{6958C548-9D19-4FED-850C-D4791E9738DF}.Release|x86.Build.0 = Release|Any CPU
		{B2142E93-6764-4340-AD7F-C1E284C7A97E}.Ad-Hoc|Any CPU.ActiveCfg = Debug|Any CPU
		{B2142E93-6764-4340-AD7F-C1E284C7A97E}.Ad-Hoc|Any CPU.Build.0 = Debug|Any CPU
		{B2142E93-6764-4340-AD7F-C1E284C7A97E}.Ad-Hoc|ARM.ActiveCfg = Debug|Any CPU
		{B2142E93-6764-4340-AD7F-C1E284C7A97E}.Ad-Hoc|ARM.Build.0 = Debug|Any CPU
		{B2142E93-6764-4340-AD7F-C1E284C7A97E}.Ad-Hoc|iPhone.ActiveCfg = Debug|Any CPU
		{B2142E93-6764-4340-AD7F-C1E284C7A97E}.Ad-Hoc|iPhone.Build.0 = Debug|Any CPU
		{B2142E93-6764-4340-AD7F-C1E284C7A97E}.Ad-Hoc|iPhoneSimulator.ActiveCfg = Debug|Any CPU
		{B2142E93-6764-4340-AD7F-C1E284C7A97E}.Ad-Hoc|iPhoneSimulator.Build.0 = Debug|Any CPU
		{B2142E93-6764-4340-AD7F-C1E284C7A97E}.Ad-Hoc|x64.ActiveCfg = Debug|Any CPU
		{B2142E93-6764-4340-AD7F-C1E284C7A97E}.Ad-Hoc|x64.Build.0 = Debug|Any CPU
		{B2142E93-6764-4340-AD7F-C1E284C7A97E}.Ad-Hoc|x86.ActiveCfg = Debug|Any CPU
		{B2142E93-6764-4340-AD7F-C1E284C7A97E}.Ad-Hoc|x86.Build.0 = Debug|Any CPU
		{B2142E93-6764-4340-AD7F-C1E284C7A97E}.AppStore|Any CPU.ActiveCfg = Debug|Any CPU
		{B2142E93-6764-4340-AD7F-C1E284C7A97E}.AppStore|Any CPU.Build.0 = Debug|Any CPU
		{B2142E93-6764-4340-AD7F-C1E284C7A97E}.AppStore|ARM.ActiveCfg = Debug|Any CPU
		{B2142E93-6764-4340-AD7F-C1E284C7A97E}.AppStore|ARM.Build.0 = Debug|Any CPU
		{B2142E93-6764-4340-AD7F-C1E284C7A97E}.AppStore|iPhone.ActiveCfg = Debug|Any CPU
		{B2142E93-6764-4340-AD7F-C1E284C7A97E}.AppStore|iPhone.Build.0 = Debug|Any CPU
		{B2142E93-6764-4340-AD7F-C1E284C7A97E}.AppStore|iPhoneSimulator.ActiveCfg = Debug|Any CPU
		{B2142E93-6764-4340-AD7F-C1E284C7A97E}.AppStore|iPhoneSimulator.Build.0 = Debug|Any CPU
		{B2142E93-6764-4340-AD7F-C1E284C7A97E}.AppStore|x64.ActiveCfg = Debug|Any CPU
		{B2142E93-6764-4340-AD7F-C1E284C7A97E}.AppStore|x64.Build.0 = Debug|Any CPU
		{B2142E93-6764-4340-AD7F-C1E284C7A97E}.AppStore|x86.ActiveCfg = Debug|Any CPU
		{B2142E93-6764-4340-AD7F-C1E284C7A97E}.AppStore|x86.Build.0 = Debug|Any CPU
		{B2142E93-6764-4340-AD7F-C1E284C7A97E}.Debug|Any CPU.ActiveCfg = Debug|Any CPU
		{B2142E93-6764-4340-AD7F-C1E284C7A97E}.Debug|Any CPU.Build.0 = Debug|Any CPU
		{B2142E93-6764-4340-AD7F-C1E284C7A97E}.Debug|ARM.ActiveCfg = Debug|Any CPU
		{B2142E93-6764-4340-AD7F-C1E284C7A97E}.Debug|ARM.Build.0 = Debug|Any CPU
		{B2142E93-6764-4340-AD7F-C1E284C7A97E}.Debug|iPhone.ActiveCfg = Debug|Any CPU
		{B2142E93-6764-4340-AD7F-C1E284C7A97E}.Debug|iPhone.Build.0 = Debug|Any CPU
		{B2142E93-6764-4340-AD7F-C1E284C7A97E}.Debug|iPhoneSimulator.ActiveCfg = Debug|Any CPU
		{B2142E93-6764-4340-AD7F-C1E284C7A97E}.Debug|iPhoneSimulator.Build.0 = Debug|Any CPU
		{B2142E93-6764-4340-AD7F-C1E284C7A97E}.Debug|x64.ActiveCfg = Debug|Any CPU
		{B2142E93-6764-4340-AD7F-C1E284C7A97E}.Debug|x64.Build.0 = Debug|Any CPU
		{B2142E93-6764-4340-AD7F-C1E284C7A97E}.Debug|x86.ActiveCfg = Debug|Any CPU
		{B2142E93-6764-4340-AD7F-C1E284C7A97E}.Debug|x86.Build.0 = Debug|Any CPU
		{B2142E93-6764-4340-AD7F-C1E284C7A97E}.Release|Any CPU.ActiveCfg = Release|Any CPU
		{B2142E93-6764-4340-AD7F-C1E284C7A97E}.Release|Any CPU.Build.0 = Release|Any CPU
		{B2142E93-6764-4340-AD7F-C1E284C7A97E}.Release|ARM.ActiveCfg = Release|Any CPU
		{B2142E93-6764-4340-AD7F-C1E284C7A97E}.Release|ARM.Build.0 = Release|Any CPU
		{B2142E93-6764-4340-AD7F-C1E284C7A97E}.Release|iPhone.ActiveCfg = Release|Any CPU
		{B2142E93-6764-4340-AD7F-C1E284C7A97E}.Release|iPhone.Build.0 = Release|Any CPU
		{B2142E93-6764-4340-AD7F-C1E284C7A97E}.Release|iPhoneSimulator.ActiveCfg = Release|Any CPU
		{B2142E93-6764-4340-AD7F-C1E284C7A97E}.Release|iPhoneSimulator.Build.0 = Release|Any CPU
		{B2142E93-6764-4340-AD7F-C1E284C7A97E}.Release|x64.ActiveCfg = Release|Any CPU
		{B2142E93-6764-4340-AD7F-C1E284C7A97E}.Release|x64.Build.0 = Release|Any CPU
		{B2142E93-6764-4340-AD7F-C1E284C7A97E}.Release|x86.ActiveCfg = Release|Any CPU
		{B2142E93-6764-4340-AD7F-C1E284C7A97E}.Release|x86.Build.0 = Release|Any CPU
		{056385D6-E97F-4064-95F2-10574AFB16AB}.Ad-Hoc|Any CPU.ActiveCfg = Release|Any CPU
		{056385D6-E97F-4064-95F2-10574AFB16AB}.Ad-Hoc|Any CPU.Build.0 = Release|Any CPU
		{056385D6-E97F-4064-95F2-10574AFB16AB}.Ad-Hoc|Any CPU.Deploy.0 = Release|Any CPU
		{056385D6-E97F-4064-95F2-10574AFB16AB}.Ad-Hoc|ARM.ActiveCfg = Release|Any CPU
		{056385D6-E97F-4064-95F2-10574AFB16AB}.Ad-Hoc|ARM.Build.0 = Release|Any CPU
		{056385D6-E97F-4064-95F2-10574AFB16AB}.Ad-Hoc|ARM.Deploy.0 = Release|Any CPU
		{056385D6-E97F-4064-95F2-10574AFB16AB}.Ad-Hoc|iPhone.ActiveCfg = Release|Any CPU
		{056385D6-E97F-4064-95F2-10574AFB16AB}.Ad-Hoc|iPhone.Build.0 = Release|Any CPU
		{056385D6-E97F-4064-95F2-10574AFB16AB}.Ad-Hoc|iPhone.Deploy.0 = Release|Any CPU
		{056385D6-E97F-4064-95F2-10574AFB16AB}.Ad-Hoc|iPhoneSimulator.ActiveCfg = Release|Any CPU
		{056385D6-E97F-4064-95F2-10574AFB16AB}.Ad-Hoc|iPhoneSimulator.Build.0 = Release|Any CPU
		{056385D6-E97F-4064-95F2-10574AFB16AB}.Ad-Hoc|iPhoneSimulator.Deploy.0 = Release|Any CPU
		{056385D6-E97F-4064-95F2-10574AFB16AB}.Ad-Hoc|x64.ActiveCfg = Release|Any CPU
		{056385D6-E97F-4064-95F2-10574AFB16AB}.Ad-Hoc|x64.Build.0 = Release|Any CPU
		{056385D6-E97F-4064-95F2-10574AFB16AB}.Ad-Hoc|x64.Deploy.0 = Release|Any CPU
		{056385D6-E97F-4064-95F2-10574AFB16AB}.Ad-Hoc|x86.ActiveCfg = Release|Any CPU
		{056385D6-E97F-4064-95F2-10574AFB16AB}.Ad-Hoc|x86.Build.0 = Release|Any CPU
		{056385D6-E97F-4064-95F2-10574AFB16AB}.Ad-Hoc|x86.Deploy.0 = Release|Any CPU
		{056385D6-E97F-4064-95F2-10574AFB16AB}.AppStore|Any CPU.ActiveCfg = Release|Any CPU
		{056385D6-E97F-4064-95F2-10574AFB16AB}.AppStore|Any CPU.Build.0 = Release|Any CPU
		{056385D6-E97F-4064-95F2-10574AFB16AB}.AppStore|Any CPU.Deploy.0 = Release|Any CPU
		{056385D6-E97F-4064-95F2-10574AFB16AB}.AppStore|ARM.ActiveCfg = Release|Any CPU
		{056385D6-E97F-4064-95F2-10574AFB16AB}.AppStore|ARM.Build.0 = Release|Any CPU
		{056385D6-E97F-4064-95F2-10574AFB16AB}.AppStore|ARM.Deploy.0 = Release|Any CPU
		{056385D6-E97F-4064-95F2-10574AFB16AB}.AppStore|iPhone.ActiveCfg = Release|Any CPU
		{056385D6-E97F-4064-95F2-10574AFB16AB}.AppStore|iPhone.Build.0 = Release|Any CPU
		{056385D6-E97F-4064-95F2-10574AFB16AB}.AppStore|iPhone.Deploy.0 = Release|Any CPU
		{056385D6-E97F-4064-95F2-10574AFB16AB}.AppStore|iPhoneSimulator.ActiveCfg = Release|Any CPU
		{056385D6-E97F-4064-95F2-10574AFB16AB}.AppStore|iPhoneSimulator.Build.0 = Release|Any CPU
		{056385D6-E97F-4064-95F2-10574AFB16AB}.AppStore|iPhoneSimulator.Deploy.0 = Release|Any CPU
		{056385D6-E97F-4064-95F2-10574AFB16AB}.AppStore|x64.ActiveCfg = Release|Any CPU
		{056385D6-E97F-4064-95F2-10574AFB16AB}.AppStore|x64.Build.0 = Release|Any CPU
		{056385D6-E97F-4064-95F2-10574AFB16AB}.AppStore|x64.Deploy.0 = Release|Any CPU
		{056385D6-E97F-4064-95F2-10574AFB16AB}.AppStore|x86.ActiveCfg = Release|Any CPU
		{056385D6-E97F-4064-95F2-10574AFB16AB}.AppStore|x86.Build.0 = Release|Any CPU
		{056385D6-E97F-4064-95F2-10574AFB16AB}.AppStore|x86.Deploy.0 = Release|Any CPU
		{056385D6-E97F-4064-95F2-10574AFB16AB}.Debug|Any CPU.ActiveCfg = Debug|Any CPU
		{056385D6-E97F-4064-95F2-10574AFB16AB}.Debug|Any CPU.Build.0 = Debug|Any CPU
		{056385D6-E97F-4064-95F2-10574AFB16AB}.Debug|Any CPU.Deploy.0 = Debug|Any CPU
		{056385D6-E97F-4064-95F2-10574AFB16AB}.Debug|ARM.ActiveCfg = Debug|Any CPU
		{056385D6-E97F-4064-95F2-10574AFB16AB}.Debug|ARM.Build.0 = Debug|Any CPU
		{056385D6-E97F-4064-95F2-10574AFB16AB}.Debug|ARM.Deploy.0 = Debug|Any CPU
		{056385D6-E97F-4064-95F2-10574AFB16AB}.Debug|iPhone.ActiveCfg = Debug|Any CPU
		{056385D6-E97F-4064-95F2-10574AFB16AB}.Debug|iPhone.Build.0 = Debug|Any CPU
		{056385D6-E97F-4064-95F2-10574AFB16AB}.Debug|iPhone.Deploy.0 = Debug|Any CPU
		{056385D6-E97F-4064-95F2-10574AFB16AB}.Debug|iPhoneSimulator.ActiveCfg = Debug|Any CPU
		{056385D6-E97F-4064-95F2-10574AFB16AB}.Debug|iPhoneSimulator.Build.0 = Debug|Any CPU
		{056385D6-E97F-4064-95F2-10574AFB16AB}.Debug|iPhoneSimulator.Deploy.0 = Debug|Any CPU
		{056385D6-E97F-4064-95F2-10574AFB16AB}.Debug|x64.ActiveCfg = Debug|Any CPU
		{056385D6-E97F-4064-95F2-10574AFB16AB}.Debug|x64.Build.0 = Debug|Any CPU
		{056385D6-E97F-4064-95F2-10574AFB16AB}.Debug|x64.Deploy.0 = Debug|Any CPU
		{056385D6-E97F-4064-95F2-10574AFB16AB}.Debug|x86.ActiveCfg = Debug|Any CPU
		{056385D6-E97F-4064-95F2-10574AFB16AB}.Debug|x86.Build.0 = Debug|Any CPU
		{056385D6-E97F-4064-95F2-10574AFB16AB}.Debug|x86.Deploy.0 = Debug|Any CPU
		{056385D6-E97F-4064-95F2-10574AFB16AB}.Release|Any CPU.ActiveCfg = Release|Any CPU
		{056385D6-E97F-4064-95F2-10574AFB16AB}.Release|Any CPU.Build.0 = Release|Any CPU
		{056385D6-E97F-4064-95F2-10574AFB16AB}.Release|Any CPU.Deploy.0 = Release|Any CPU
		{056385D6-E97F-4064-95F2-10574AFB16AB}.Release|ARM.ActiveCfg = Release|Any CPU
		{056385D6-E97F-4064-95F2-10574AFB16AB}.Release|ARM.Build.0 = Release|Any CPU
		{056385D6-E97F-4064-95F2-10574AFB16AB}.Release|ARM.Deploy.0 = Release|Any CPU
		{056385D6-E97F-4064-95F2-10574AFB16AB}.Release|iPhone.ActiveCfg = Release|Any CPU
		{056385D6-E97F-4064-95F2-10574AFB16AB}.Release|iPhone.Build.0 = Release|Any CPU
		{056385D6-E97F-4064-95F2-10574AFB16AB}.Release|iPhone.Deploy.0 = Release|Any CPU
		{056385D6-E97F-4064-95F2-10574AFB16AB}.Release|iPhoneSimulator.ActiveCfg = Release|Any CPU
		{056385D6-E97F-4064-95F2-10574AFB16AB}.Release|iPhoneSimulator.Build.0 = Release|Any CPU
		{056385D6-E97F-4064-95F2-10574AFB16AB}.Release|iPhoneSimulator.Deploy.0 = Release|Any CPU
		{056385D6-E97F-4064-95F2-10574AFB16AB}.Release|x64.ActiveCfg = Release|Any CPU
		{056385D6-E97F-4064-95F2-10574AFB16AB}.Release|x64.Build.0 = Release|Any CPU
		{056385D6-E97F-4064-95F2-10574AFB16AB}.Release|x64.Deploy.0 = Release|Any CPU
		{056385D6-E97F-4064-95F2-10574AFB16AB}.Release|x86.ActiveCfg = Release|Any CPU
		{056385D6-E97F-4064-95F2-10574AFB16AB}.Release|x86.Build.0 = Release|Any CPU
		{056385D6-E97F-4064-95F2-10574AFB16AB}.Release|x86.Deploy.0 = Release|Any CPU
		{671C3DC9-7A87-47B5-8D87-20E7B23B962B}.Ad-Hoc|Any CPU.ActiveCfg = Ad-Hoc|iPhone
		{671C3DC9-7A87-47B5-8D87-20E7B23B962B}.Ad-Hoc|ARM.ActiveCfg = Ad-Hoc|iPhone
		{671C3DC9-7A87-47B5-8D87-20E7B23B962B}.Ad-Hoc|iPhone.ActiveCfg = Ad-Hoc|iPhone
		{671C3DC9-7A87-47B5-8D87-20E7B23B962B}.Ad-Hoc|iPhone.Build.0 = Ad-Hoc|iPhone
		{671C3DC9-7A87-47B5-8D87-20E7B23B962B}.Ad-Hoc|iPhoneSimulator.ActiveCfg = Ad-Hoc|iPhoneSimulator
		{671C3DC9-7A87-47B5-8D87-20E7B23B962B}.Ad-Hoc|iPhoneSimulator.Build.0 = Ad-Hoc|iPhoneSimulator
		{671C3DC9-7A87-47B5-8D87-20E7B23B962B}.Ad-Hoc|x64.ActiveCfg = Ad-Hoc|iPhone
		{671C3DC9-7A87-47B5-8D87-20E7B23B962B}.Ad-Hoc|x86.ActiveCfg = Ad-Hoc|iPhone
		{671C3DC9-7A87-47B5-8D87-20E7B23B962B}.AppStore|Any CPU.ActiveCfg = AppStore|iPhone
		{671C3DC9-7A87-47B5-8D87-20E7B23B962B}.AppStore|ARM.ActiveCfg = AppStore|iPhone
		{671C3DC9-7A87-47B5-8D87-20E7B23B962B}.AppStore|iPhone.ActiveCfg = AppStore|iPhone
		{671C3DC9-7A87-47B5-8D87-20E7B23B962B}.AppStore|iPhone.Build.0 = AppStore|iPhone
		{671C3DC9-7A87-47B5-8D87-20E7B23B962B}.AppStore|iPhoneSimulator.ActiveCfg = AppStore|iPhoneSimulator
		{671C3DC9-7A87-47B5-8D87-20E7B23B962B}.AppStore|iPhoneSimulator.Build.0 = AppStore|iPhoneSimulator
		{671C3DC9-7A87-47B5-8D87-20E7B23B962B}.AppStore|x64.ActiveCfg = AppStore|iPhone
		{671C3DC9-7A87-47B5-8D87-20E7B23B962B}.AppStore|x86.ActiveCfg = AppStore|iPhone
		{671C3DC9-7A87-47B5-8D87-20E7B23B962B}.Debug|Any CPU.ActiveCfg = Debug|iPhone
		{671C3DC9-7A87-47B5-8D87-20E7B23B962B}.Debug|ARM.ActiveCfg = Debug|iPhone
		{671C3DC9-7A87-47B5-8D87-20E7B23B962B}.Debug|iPhone.ActiveCfg = Debug|iPhone
		{671C3DC9-7A87-47B5-8D87-20E7B23B962B}.Debug|iPhone.Build.0 = Debug|iPhone
		{671C3DC9-7A87-47B5-8D87-20E7B23B962B}.Debug|iPhoneSimulator.ActiveCfg = Debug|iPhoneSimulator
		{671C3DC9-7A87-47B5-8D87-20E7B23B962B}.Debug|iPhoneSimulator.Build.0 = Debug|iPhoneSimulator
		{671C3DC9-7A87-47B5-8D87-20E7B23B962B}.Debug|x64.ActiveCfg = Debug|iPhone
		{671C3DC9-7A87-47B5-8D87-20E7B23B962B}.Debug|x86.ActiveCfg = Debug|iPhone
		{671C3DC9-7A87-47B5-8D87-20E7B23B962B}.Release|Any CPU.ActiveCfg = Release|iPhone
		{671C3DC9-7A87-47B5-8D87-20E7B23B962B}.Release|ARM.ActiveCfg = Release|iPhone
		{671C3DC9-7A87-47B5-8D87-20E7B23B962B}.Release|iPhone.ActiveCfg = Release|iPhone
		{671C3DC9-7A87-47B5-8D87-20E7B23B962B}.Release|iPhone.Build.0 = Release|iPhone
		{671C3DC9-7A87-47B5-8D87-20E7B23B962B}.Release|iPhoneSimulator.ActiveCfg = Release|iPhoneSimulator
		{671C3DC9-7A87-47B5-8D87-20E7B23B962B}.Release|iPhoneSimulator.Build.0 = Release|iPhoneSimulator
		{671C3DC9-7A87-47B5-8D87-20E7B23B962B}.Release|x64.ActiveCfg = Release|iPhone
		{671C3DC9-7A87-47B5-8D87-20E7B23B962B}.Release|x86.ActiveCfg = Release|iPhone
	EndGlobalSection
	GlobalSection(SolutionProperties) = preSolution
		HideSolutionNode = FALSE
	EndGlobalSection
	GlobalSection(ExtensibilityGlobals) = postSolution
		SolutionGuid = {8C109D47-D0E6-47C8-9E0C-AD1076E80AD3}
	EndGlobalSection
EndGlobal
