
Microsoft Visual Studio Solution File, Format Version 12.00
# Visual Studio Version 16
VisualStudioVersion = 16.0.30011.22
MinimumVisualStudioVersion = 10.0.40219.1
Project("{9A19103F-16F7-4668-BE54-9A1E7A4F7556}") = "MyCollection.Common", "MyCollection.Common\MyCollection.Common.csproj", "{CB4ECE51-4D8A-497A-A1FD-4614635E83AD}"
EndProject
Project("{9A19103F-16F7-4668-BE54-9A1E7A4F7556}") = "MyCollection.Web", "MyCollection.Web\MyCollection.Web.csproj", "{6958C548-9D19-4FED-850C-D4791E9738DF}"
EndProject
Project("{FAE04EC0-301F-11D3-BF4B-00C04F79EFBC}") = "MyCollection.Prism", "MyCollection.Prism\MyCollection.Prism\MyCollection.Prism.csproj", "{91EA8A6D-C351-4480-A7FE-AB575C250B02}"
EndProject
Project("{FAE04EC0-301F-11D3-BF4B-00C04F79EFBC}") = "MyCollection.Prism.Android", "MyCollection.Prism\MyCollection.Prism.Android\MyCollection.Prism.Android.csproj", "{D5F87347-EF66-402A-BDF9-075F7B2F61AE}"
EndProject
Project("{FAE04EC0-301F-11D3-BF4B-00C04F79EFBC}") = "MyCollection.Prism.iOS", "MyCollection.Prism\MyCollection.Prism.iOS\MyCollection.Prism.iOS.csproj", "{BBB52C02-E36F-4D96-85C1-2EE303516F0F}"
EndProject
Global
	GlobalSection(SolutionConfigurationPlatforms) = preSolution
		Ad-Hoc|Any CPU = Ad-Hoc|Any CPU
		Ad-Hoc|ARM = Ad-Hoc|ARM
		Ad-Hoc|iPhone = Ad-Hoc|iPhone
		Ad-Hoc|iPhoneSimulator = Ad-Hoc|iPhoneSimulator
		Ad-Hoc|x64 = Ad-Hoc|x64
		Ad-Hoc|x86 = Ad-Hoc|x86
		AppStore|Any CPU = AppStore|Any CPU
		AppStore|ARM = AppStore|ARM
		AppStore|iPhone = AppStore|iPhone
		AppStore|iPhoneSimulator = AppStore|iPhoneSimulator
		AppStore|x64 = AppStore|x64
		AppStore|x86 = AppStore|x86
		Debug|Any CPU = Debug|Any CPU
		Debug|ARM = Debug|ARM
		Debug|iPhone = Debug|iPhone
		Debug|iPhoneSimulator = Debug|iPhoneSimulator
		Debug|x64 = Debug|x64
		Debug|x86 = Debug|x86
		Release|Any CPU = Release|Any CPU
		Release|ARM = Release|ARM
		Release|iPhone = Release|iPhone
		Release|iPhoneSimulator = Release|iPhoneSimulator
		Release|x64 = Release|x64
		Release|x86 = Release|x86
	EndGlobalSection
	GlobalSection(ProjectConfigurationPlatforms) = postSolution
		{CB4ECE51-4D8A-497A-A1FD-4614635E83AD}.Ad-Hoc|Any CPU.ActiveCfg = Release|Any CPU
		{CB4ECE51-4D8A-497A-A1FD-4614635E83AD}.Ad-Hoc|Any CPU.Build.0 = Release|Any CPU
		{CB4ECE51-4D8A-497A-A1FD-4614635E83AD}.Ad-Hoc|ARM.ActiveCfg = Release|Any CPU
		{CB4ECE51-4D8A-497A-A1FD-4614635E83AD}.Ad-Hoc|ARM.Build.0 = Release|Any CPU
		{CB4ECE51-4D8A-497A-A1FD-4614635E83AD}.Ad-Hoc|iPhone.ActiveCfg = Release|Any CPU
		{CB4ECE51-4D8A-497A-A1FD-4614635E83AD}.Ad-Hoc|iPhone.Build.0 = Release|Any CPU
		{CB4ECE51-4D8A-497A-A1FD-4614635E83AD}.Ad-Hoc|iPhoneSimulator.ActiveCfg = Release|Any CPU
		{CB4ECE51-4D8A-497A-A1FD-4614635E83AD}.Ad-Hoc|iPhoneSimulator.Build.0 = Release|Any CPU
		{CB4ECE51-4D8A-497A-A1FD-4614635E83AD}.Ad-Hoc|x64.ActiveCfg = Release|Any CPU
		{CB4ECE51-4D8A-497A-A1FD-4614635E83AD}.Ad-Hoc|x64.Build.0 = Release|Any CPU
		{CB4ECE51-4D8A-497A-A1FD-4614635E83AD}.Ad-Hoc|x86.ActiveCfg = Release|Any CPU
		{CB4ECE51-4D8A-497A-A1FD-4614635E83AD}.Ad-Hoc|x86.Build.0 = Release|Any CPU
		{CB4ECE51-4D8A-497A-A1FD-4614635E83AD}.AppStore|Any CPU.ActiveCfg = Release|Any CPU
		{CB4ECE51-4D8A-497A-A1FD-4614635E83AD}.AppStore|Any CPU.Build.0 = Release|Any CPU
		{CB4ECE51-4D8A-497A-A1FD-4614635E83AD}.AppStore|ARM.ActiveCfg = Release|Any CPU
		{CB4ECE51-4D8A-497A-A1FD-4614635E83AD}.AppStore|ARM.Build.0 = Release|Any CPU
		{CB4ECE51-4D8A-497A-A1FD-4614635E83AD}.AppStore|iPhone.ActiveCfg = Release|Any CPU
		{CB4ECE51-4D8A-497A-A1FD-4614635E83AD}.AppStore|iPhone.Build.0 = Release|Any CPU
		{CB4ECE51-4D8A-497A-A1FD-4614635E83AD}.AppStore|iPhoneSimulator.ActiveCfg = Release|Any CPU
		{CB4ECE51-4D8A-497A-A1FD-4614635E83AD}.AppStore|iPhoneSimulator.Build.0 = Release|Any CPU
		{CB4ECE51-4D8A-497A-A1FD-4614635E83AD}.AppStore|x64.ActiveCfg = Release|Any CPU
		{CB4ECE51-4D8A-497A-A1FD-4614635E83AD}.AppStore|x64.Build.0 = Release|Any CPU
		{CB4ECE51-4D8A-497A-A1FD-4614635E83AD}.AppStore|x86.ActiveCfg = Release|Any CPU
		{CB4ECE51-4D8A-497A-A1FD-4614635E83AD}.AppStore|x86.Build.0 = Release|Any CPU
		{CB4ECE51-4D8A-497A-A1FD-4614635E83AD}.Debug|Any CPU.ActiveCfg = Debug|Any CPU
		{CB4ECE51-4D8A-497A-A1FD-4614635E83AD}.Debug|Any CPU.Build.0 = Debug|Any CPU
		{CB4ECE51-4D8A-497A-A1FD-4614635E83AD}.Debug|ARM.ActiveCfg = Debug|Any CPU
		{CB4ECE51-4D8A-497A-A1FD-4614635E83AD}.Debug|ARM.Build.0 = Debug|Any CPU
		{CB4ECE51-4D8A-497A-A1FD-4614635E83AD}.Debug|iPhone.ActiveCfg = Debug|Any CPU
		{CB4ECE51-4D8A-497A-A1FD-4614635E83AD}.Debug|iPhone.Build.0 = Debug|Any CPU
		{CB4ECE51-4D8A-497A-A1FD-4614635E83AD}.Debug|iPhoneSimulator.ActiveCfg = Debug|Any CPU
		{CB4ECE51-4D8A-497A-A1FD-4614635E83AD}.Debug|iPhoneSimulator.Build.0 = Debug|Any CPU
		{CB4ECE51-4D8A-497A-A1FD-4614635E83AD}.Debug|x64.ActiveCfg = Debug|Any CPU
		{CB4ECE51-4D8A-497A-A1FD-4614635E83AD}.Debug|x64.Build.0 = Debug|Any CPU
		{CB4ECE51-4D8A-497A-A1FD-4614635E83AD}.Debug|x86.ActiveCfg = Debug|Any CPU
		{CB4ECE51-4D8A-497A-A1FD-4614635E83AD}.Debug|x86.Build.0 = Debug|Any CPU
		{CB4ECE51-4D8A-497A-A1FD-4614635E83AD}.Release|Any CPU.ActiveCfg = Release|Any CPU
		{CB4ECE51-4D8A-497A-A1FD-4614635E83AD}.Release|Any CPU.Build.0 = Release|Any CPU
		{CB4ECE51-4D8A-497A-A1FD-4614635E83AD}.Release|ARM.ActiveCfg = Release|Any CPU
		{CB4ECE51-4D8A-497A-A1FD-4614635E83AD}.Release|ARM.Build.0 = Release|Any CPU
		{CB4ECE51-4D8A-497A-A1FD-4614635E83AD}.Release|iPhone.ActiveCfg = Release|Any CPU
		{CB4ECE51-4D8A-497A-A1FD-4614635E83AD}.Release|iPhone.Build.0 = Release|Any CPU
		{CB4ECE51-4D8A-497A-A1FD-4614635E83AD}.Release|iPhoneSimulator.ActiveCfg = Release|Any CPU
		{CB4ECE51-4D8A-497A-A1FD-4614635E83AD}.Release|iPhoneSimulator.Build.0 = Release|Any CPU
		{CB4ECE51-4D8A-497A-A1FD-4614635E83AD}.Release|x64.ActiveCfg = Release|Any CPU
		{CB4ECE51-4D8A-497A-A1FD-4614635E83AD}.Release|x64.Build.0 = Release|Any CPU
		{CB4ECE51-4D8A-497A-A1FD-4614635E83AD}.Release|x86.ActiveCfg = Release|Any CPU
		{CB4ECE51-4D8A-497A-A1FD-4614635E83AD}.Release|x86.Build.0 = Release|Any CPU
		{6958C548-9D19-4FED-850C-D4791E9738DF}.Ad-Hoc|Any CPU.ActiveCfg = Release|Any CPU
		{6958C548-9D19-4FED-850C-D4791E9738DF}.Ad-Hoc|Any CPU.Build.0 = Release|Any CPU
		{6958C548-9D19-4FED-850C-D4791E9738DF}.Ad-Hoc|ARM.ActiveCfg = Release|Any CPU
		{6958C548-9D19-4FED-850C-D4791E9738DF}.Ad-Hoc|ARM.Build.0 = Release|Any CPU
		{6958C548-9D19-4FED-850C-D4791E9738DF}.Ad-Hoc|iPhone.ActiveCfg = Release|Any CPU
		{6958C548-9D19-4FED-850C-D4791E9738DF}.Ad-Hoc|iPhone.Build.0 = Release|Any CPU
		{6958C548-9D19-4FED-850C-D4791E9738DF}.Ad-Hoc|iPhoneSimulator.ActiveCfg = Release|Any CPU
		{6958C548-9D19-4FED-850C-D4791E9738DF}.Ad-Hoc|iPhoneSimulator.Build.0 = Release|Any CPU
		{6958C548-9D19-4FED-850C-D4791E9738DF}.Ad-Hoc|x64.ActiveCfg = Release|Any CPU
		{6958C548-9D19-4FED-850C-D4791E9738DF}.Ad-Hoc|x64.Build.0 = Release|Any CPU
		{6958C548-9D19-4FED-850C-D4791E9738DF}.Ad-Hoc|x86.ActiveCfg = Release|Any CPU
		{6958C548-9D19-4FED-850C-D4791E9738DF}.Ad-Hoc|x86.Build.0 = Release|Any CPU
		{6958C548-9D19-4FED-850C-D4791E9738DF}.AppStore|Any CPU.ActiveCfg = Release|Any CPU
		{6958C548-9D19-4FED-850C-D4791E9738DF}.AppStore|Any CPU.Build.0 = Release|Any CPU
		{6958C548-9D19-4FED-850C-D4791E9738DF}.AppStore|ARM.ActiveCfg = Release|Any CPU
		{6958C548-9D19-4FED-850C-D4791E9738DF}.AppStore|ARM.Build.0 = Release|Any CPU
		{6958C548-9D19-4FED-850C-D4791E9738DF}.AppStore|iPhone.ActiveCfg = Release|Any CPU
		{6958C548-9D19-4FED-850C-D4791E9738DF}.AppStore|iPhone.Build.0 = Release|Any CPU
		{6958C548-9D19-4FED-850C-D4791E9738DF}.AppStore|iPhoneSimulator.ActiveCfg = Release|Any CPU
		{6958C548-9D19-4FED-850C-D4791E9738DF}.AppStore|iPhoneSimulator.Build.0 = Release|Any CPU
		{6958C548-9D19-4FED-850C-D4791E9738DF}.AppStore|x64.ActiveCfg = Release|Any CPU
		{6958C548-9D19-4FED-850C-D4791E9738DF}.AppStore|x64.Build.0 = Release|Any CPU
		{6958C548-9D19-4FED-850C-D4791E9738DF}.AppStore|x86.ActiveCfg = Release|Any CPU
		{6958C548-9D19-4FED-850C-D4791E9738DF}.AppStore|x86.Build.0 = Release|Any CPU
		{6958C548-9D19-4FED-850C-D4791E9738DF}.Debug|Any CPU.ActiveCfg = Debug|Any CPU
		{6958C548-9D19-4FED-850C-D4791E9738DF}.Debug|Any CPU.Build.0 = Debug|Any CPU
		{6958C548-9D19-4FED-850C-D4791E9738DF}.Debug|ARM.ActiveCfg = Debug|Any CPU
		{6958C548-9D19-4FED-850C-D4791E9738DF}.Debug|ARM.Build.0 = Debug|Any CPU
		{6958C548-9D19-4FED-850C-D4791E9738DF}.Debug|iPhone.ActiveCfg = Debug|Any CPU
		{6958C548-9D19-4FED-850C-D4791E9738DF}.Debug|iPhone.Build.0 = Debug|Any CPU
		{6958C548-9D19-4FED-850C-D4791E9738DF}.Debug|iPhoneSimulator.ActiveCfg = Debug|Any CPU
		{6958C548-9D19-4FED-850C-D4791E9738DF}.Debug|iPhoneSimulator.Build.0 = Debug|Any CPU
		{6958C548-9D19-4FED-850C-D4791E9738DF}.Debug|x64.ActiveCfg = Debug|Any CPU
		{6958C548-9D19-4FED-850C-D4791E9738DF}.Debug|x64.Build.0 = Debug|Any CPU
		{6958C548-9D19-4FED-850C-D4791E9738DF}.Debug|x86.ActiveCfg = Debug|Any CPU
		{6958C548-9D19-4FED-850C-D4791E9738DF}.Debug|x86.Build.0 = Debug|Any CPU
		{6958C548-9D19-4FED-850C-D4791E9738DF}.Release|Any CPU.ActiveCfg = Release|Any CPU
		{6958C548-9D19-4FED-850C-D4791E9738DF}.Release|Any CPU.Build.0 = Release|Any CPU
		{6958C548-9D19-4FED-850C-D4791E9738DF}.Release|ARM.ActiveCfg = Release|Any CPU
		{6958C548-9D19-4FED-850C-D4791E9738DF}.Release|ARM.Build.0 = Release|Any CPU
		{6958C548-9D19-4FED-850C-D4791E9738DF}.Release|iPhone.ActiveCfg = Release|Any CPU
		{6958C548-9D19-4FED-850C-D4791E9738DF}.Release|iPhone.Build.0 = Release|Any CPU
		{6958C548-9D19-4FED-850C-D4791E9738DF}.Release|iPhoneSimulator.ActiveCfg = Release|Any CPU
		{6958C548-9D19-4FED-850C-D4791E9738DF}.Release|iPhoneSimulator.Build.0 = Release|Any CPU
		{6958C548-9D19-4FED-850C-D4791E9738DF}.Release|x64.ActiveCfg = Release|Any CPU
		{6958C548-9D19-4FED-850C-D4791E9738DF}.Release|x64.Build.0 = Release|Any CPU
		{6958C548-9D19-4FED-850C-D4791E9738DF}.Release|x86.ActiveCfg = Release|Any CPU
		{6958C548-9D19-4FED-850C-D4791E9738DF}.Release|x86.Build.0 = Release|Any CPU
		{91EA8A6D-C351-4480-A7FE-AB575C250B02}.Ad-Hoc|Any CPU.ActiveCfg = Debug|Any CPU
		{91EA8A6D-C351-4480-A7FE-AB575C250B02}.Ad-Hoc|Any CPU.Build.0 = Debug|Any CPU
		{91EA8A6D-C351-4480-A7FE-AB575C250B02}.Ad-Hoc|ARM.ActiveCfg = Debug|Any CPU
		{91EA8A6D-C351-4480-A7FE-AB575C250B02}.Ad-Hoc|ARM.Build.0 = Debug|Any CPU
		{91EA8A6D-C351-4480-A7FE-AB575C250B02}.Ad-Hoc|iPhone.ActiveCfg = Debug|Any CPU
		{91EA8A6D-C351-4480-A7FE-AB575C250B02}.Ad-Hoc|iPhone.Build.0 = Debug|Any CPU
		{91EA8A6D-C351-4480-A7FE-AB575C250B02}.Ad-Hoc|iPhoneSimulator.ActiveCfg = Debug|Any CPU
		{91EA8A6D-C351-4480-A7FE-AB575C250B02}.Ad-Hoc|iPhoneSimulator.Build.0 = Debug|Any CPU
		{91EA8A6D-C351-4480-A7FE-AB575C250B02}.Ad-Hoc|x64.ActiveCfg = Debug|Any CPU
		{91EA8A6D-C351-4480-A7FE-AB575C250B02}.Ad-Hoc|x64.Build.0 = Debug|Any CPU
		{91EA8A6D-C351-4480-A7FE-AB575C250B02}.Ad-Hoc|x86.ActiveCfg = Debug|Any CPU
		{91EA8A6D-C351-4480-A7FE-AB575C250B02}.Ad-Hoc|x86.Build.0 = Debug|Any CPU
		{91EA8A6D-C351-4480-A7FE-AB575C250B02}.AppStore|Any CPU.ActiveCfg = Debug|Any CPU
		{91EA8A6D-C351-4480-A7FE-AB575C250B02}.AppStore|Any CPU.Build.0 = Debug|Any CPU
		{91EA8A6D-C351-4480-A7FE-AB575C250B02}.AppStore|ARM.ActiveCfg = Debug|Any CPU
		{91EA8A6D-C351-4480-A7FE-AB575C250B02}.AppStore|ARM.Build.0 = Debug|Any CPU
		{91EA8A6D-C351-4480-A7FE-AB575C250B02}.AppStore|iPhone.ActiveCfg = Debug|Any CPU
		{91EA8A6D-C351-4480-A7FE-AB575C250B02}.AppStore|iPhone.Build.0 = Debug|Any CPU
		{91EA8A6D-C351-4480-A7FE-AB575C250B02}.AppStore|iPhoneSimulator.ActiveCfg = Debug|Any CPU
		{91EA8A6D-C351-4480-A7FE-AB575C250B02}.AppStore|iPhoneSimulator.Build.0 = Debug|Any CPU
		{91EA8A6D-C351-4480-A7FE-AB575C250B02}.AppStore|x64.ActiveCfg = Debug|Any CPU
		{91EA8A6D-C351-4480-A7FE-AB575C250B02}.AppStore|x64.Build.0 = Debug|Any CPU
		{91EA8A6D-C351-4480-A7FE-AB575C250B02}.AppStore|x86.ActiveCfg = Debug|Any CPU
		{91EA8A6D-C351-4480-A7FE-AB575C250B02}.AppStore|x86.Build.0 = Debug|Any CPU
		{91EA8A6D-C351-4480-A7FE-AB575C250B02}.Debug|Any CPU.ActiveCfg = Debug|Any CPU
		{91EA8A6D-C351-4480-A7FE-AB575C250B02}.Debug|Any CPU.Build.0 = Debug|Any CPU
		{91EA8A6D-C351-4480-A7FE-AB575C250B02}.Debug|ARM.ActiveCfg = Debug|Any CPU
		{91EA8A6D-C351-4480-A7FE-AB575C250B02}.Debug|ARM.Build.0 = Debug|Any CPU
		{91EA8A6D-C351-4480-A7FE-AB575C250B02}.Debug|iPhone.ActiveCfg = Debug|Any CPU
		{91EA8A6D-C351-4480-A7FE-AB575C250B02}.Debug|iPhone.Build.0 = Debug|Any CPU
		{91EA8A6D-C351-4480-A7FE-AB575C250B02}.Debug|iPhoneSimulator.ActiveCfg = Debug|Any CPU
		{91EA8A6D-C351-4480-A7FE-AB575C250B02}.Debug|iPhoneSimulator.Build.0 = Debug|Any CPU
		{91EA8A6D-C351-4480-A7FE-AB575C250B02}.Debug|x64.ActiveCfg = Debug|Any CPU
		{91EA8A6D-C351-4480-A7FE-AB575C250B02}.Debug|x64.Build.0 = Debug|Any CPU
		{91EA8A6D-C351-4480-A7FE-AB575C250B02}.Debug|x86.ActiveCfg = Debug|Any CPU
		{91EA8A6D-C351-4480-A7FE-AB575C250B02}.Debug|x86.Build.0 = Debug|Any CPU
		{91EA8A6D-C351-4480-A7FE-AB575C250B02}.Release|Any CPU.ActiveCfg = Release|Any CPU
		{91EA8A6D-C351-4480-A7FE-AB575C250B02}.Release|Any CPU.Build.0 = Release|Any CPU
		{91EA8A6D-C351-4480-A7FE-AB575C250B02}.Release|ARM.ActiveCfg = Release|Any CPU
		{91EA8A6D-C351-4480-A7FE-AB575C250B02}.Release|ARM.Build.0 = Release|Any CPU
		{91EA8A6D-C351-4480-A7FE-AB575C250B02}.Release|iPhone.ActiveCfg = Release|Any CPU
		{91EA8A6D-C351-4480-A7FE-AB575C250B02}.Release|iPhone.Build.0 = Release|Any CPU
		{91EA8A6D-C351-4480-A7FE-AB575C250B02}.Release|iPhoneSimulator.ActiveCfg = Release|Any CPU
		{91EA8A6D-C351-4480-A7FE-AB575C250B02}.Release|iPhoneSimulator.Build.0 = Release|Any CPU
		{91EA8A6D-C351-4480-A7FE-AB575C250B02}.Release|x64.ActiveCfg = Release|Any CPU
		{91EA8A6D-C351-4480-A7FE-AB575C250B02}.Release|x64.Build.0 = Release|Any CPU
		{91EA8A6D-C351-4480-A7FE-AB575C250B02}.Release|x86.ActiveCfg = Release|Any CPU
		{91EA8A6D-C351-4480-A7FE-AB575C250B02}.Release|x86.Build.0 = Release|Any CPU
		{D5F87347-EF66-402A-BDF9-075F7B2F61AE}.Ad-Hoc|Any CPU.ActiveCfg = Release|Any CPU
		{D5F87347-EF66-402A-BDF9-075F7B2F61AE}.Ad-Hoc|Any CPU.Build.0 = Release|Any CPU
		{D5F87347-EF66-402A-BDF9-075F7B2F61AE}.Ad-Hoc|Any CPU.Deploy.0 = Release|Any CPU
		{D5F87347-EF66-402A-BDF9-075F7B2F61AE}.Ad-Hoc|ARM.ActiveCfg = Release|Any CPU
		{D5F87347-EF66-402A-BDF9-075F7B2F61AE}.Ad-Hoc|ARM.Build.0 = Release|Any CPU
		{D5F87347-EF66-402A-BDF9-075F7B2F61AE}.Ad-Hoc|ARM.Deploy.0 = Release|Any CPU
		{D5F87347-EF66-402A-BDF9-075F7B2F61AE}.Ad-Hoc|iPhone.ActiveCfg = Release|Any CPU
		{D5F87347-EF66-402A-BDF9-075F7B2F61AE}.Ad-Hoc|iPhone.Build.0 = Release|Any CPU
		{D5F87347-EF66-402A-BDF9-075F7B2F61AE}.Ad-Hoc|iPhone.Deploy.0 = Release|Any CPU
		{D5F87347-EF66-402A-BDF9-075F7B2F61AE}.Ad-Hoc|iPhoneSimulator.ActiveCfg = Release|Any CPU
		{D5F87347-EF66-402A-BDF9-075F7B2F61AE}.Ad-Hoc|iPhoneSimulator.Build.0 = Release|Any CPU
		{D5F87347-EF66-402A-BDF9-075F7B2F61AE}.Ad-Hoc|iPhoneSimulator.Deploy.0 = Release|Any CPU
		{D5F87347-EF66-402A-BDF9-075F7B2F61AE}.Ad-Hoc|x64.ActiveCfg = Release|Any CPU
		{D5F87347-EF66-402A-BDF9-075F7B2F61AE}.Ad-Hoc|x64.Build.0 = Release|Any CPU
		{D5F87347-EF66-402A-BDF9-075F7B2F61AE}.Ad-Hoc|x64.Deploy.0 = Release|Any CPU
		{D5F87347-EF66-402A-BDF9-075F7B2F61AE}.Ad-Hoc|x86.ActiveCfg = Release|Any CPU
		{D5F87347-EF66-402A-BDF9-075F7B2F61AE}.Ad-Hoc|x86.Build.0 = Release|Any CPU
		{D5F87347-EF66-402A-BDF9-075F7B2F61AE}.Ad-Hoc|x86.Deploy.0 = Release|Any CPU
		{D5F87347-EF66-402A-BDF9-075F7B2F61AE}.AppStore|Any CPU.ActiveCfg = Release|Any CPU
		{D5F87347-EF66-402A-BDF9-075F7B2F61AE}.AppStore|Any CPU.Build.0 = Release|Any CPU
		{D5F87347-EF66-402A-BDF9-075F7B2F61AE}.AppStore|Any CPU.Deploy.0 = Release|Any CPU
		{D5F87347-EF66-402A-BDF9-075F7B2F61AE}.AppStore|ARM.ActiveCfg = Release|Any CPU
		{D5F87347-EF66-402A-BDF9-075F7B2F61AE}.AppStore|ARM.Build.0 = Release|Any CPU
		{D5F87347-EF66-402A-BDF9-075F7B2F61AE}.AppStore|ARM.Deploy.0 = Release|Any CPU
		{D5F87347-EF66-402A-BDF9-075F7B2F61AE}.AppStore|iPhone.ActiveCfg = Release|Any CPU
		{D5F87347-EF66-402A-BDF9-075F7B2F61AE}.AppStore|iPhone.Build.0 = Release|Any CPU
		{D5F87347-EF66-402A-BDF9-075F7B2F61AE}.AppStore|iPhone.Deploy.0 = Release|Any CPU
		{D5F87347-EF66-402A-BDF9-075F7B2F61AE}.AppStore|iPhoneSimulator.ActiveCfg = Release|Any CPU
		{D5F87347-EF66-402A-BDF9-075F7B2F61AE}.AppStore|iPhoneSimulator.Build.0 = Release|Any CPU
		{D5F87347-EF66-402A-BDF9-075F7B2F61AE}.AppStore|iPhoneSimulator.Deploy.0 = Release|Any CPU
		{D5F87347-EF66-402A-BDF9-075F7B2F61AE}.AppStore|x64.ActiveCfg = Release|Any CPU
		{D5F87347-EF66-402A-BDF9-075F7B2F61AE}.AppStore|x64.Build.0 = Release|Any CPU
		{D5F87347-EF66-402A-BDF9-075F7B2F61AE}.AppStore|x64.Deploy.0 = Release|Any CPU
		{D5F87347-EF66-402A-BDF9-075F7B2F61AE}.AppStore|x86.ActiveCfg = Release|Any CPU
		{D5F87347-EF66-402A-BDF9-075F7B2F61AE}.AppStore|x86.Build.0 = Release|Any CPU
		{D5F87347-EF66-402A-BDF9-075F7B2F61AE}.AppStore|x86.Deploy.0 = Release|Any CPU
		{D5F87347-EF66-402A-BDF9-075F7B2F61AE}.Debug|Any CPU.ActiveCfg = Debug|Any CPU
		{D5F87347-EF66-402A-BDF9-075F7B2F61AE}.Debug|Any CPU.Build.0 = Debug|Any CPU
		{D5F87347-EF66-402A-BDF9-075F7B2F61AE}.Debug|Any CPU.Deploy.0 = Debug|Any CPU
		{D5F87347-EF66-402A-BDF9-075F7B2F61AE}.Debug|ARM.ActiveCfg = Debug|Any CPU
		{D5F87347-EF66-402A-BDF9-075F7B2F61AE}.Debug|ARM.Build.0 = Debug|Any CPU
		{D5F87347-EF66-402A-BDF9-075F7B2F61AE}.Debug|ARM.Deploy.0 = Debug|Any CPU
		{D5F87347-EF66-402A-BDF9-075F7B2F61AE}.Debug|iPhone.ActiveCfg = Debug|Any CPU
		{D5F87347-EF66-402A-BDF9-075F7B2F61AE}.Debug|iPhone.Build.0 = Debug|Any CPU
		{D5F87347-EF66-402A-BDF9-075F7B2F61AE}.Debug|iPhone.Deploy.0 = Debug|Any CPU
		{D5F87347-EF66-402A-BDF9-075F7B2F61AE}.Debug|iPhoneSimulator.ActiveCfg = Debug|Any CPU
		{D5F87347-EF66-402A-BDF9-075F7B2F61AE}.Debug|iPhoneSimulator.Build.0 = Debug|Any CPU
		{D5F87347-EF66-402A-BDF9-075F7B2F61AE}.Debug|iPhoneSimulator.Deploy.0 = Debug|Any CPU
		{D5F87347-EF66-402A-BDF9-075F7B2F61AE}.Debug|x64.ActiveCfg = Debug|Any CPU
		{D5F87347-EF66-402A-BDF9-075F7B2F61AE}.Debug|x64.Build.0 = Debug|Any CPU
		{D5F87347-EF66-402A-BDF9-075F7B2F61AE}.Debug|x64.Deploy.0 = Debug|Any CPU
		{D5F87347-EF66-402A-BDF9-075F7B2F61AE}.Debug|x86.ActiveCfg = Debug|Any CPU
		{D5F87347-EF66-402A-BDF9-075F7B2F61AE}.Debug|x86.Build.0 = Debug|Any CPU
		{D5F87347-EF66-402A-BDF9-075F7B2F61AE}.Debug|x86.Deploy.0 = Debug|Any CPU
		{D5F87347-EF66-402A-BDF9-075F7B2F61AE}.Release|Any CPU.ActiveCfg = Release|Any CPU
		{D5F87347-EF66-402A-BDF9-075F7B2F61AE}.Release|Any CPU.Build.0 = Release|Any CPU
		{D5F87347-EF66-402A-BDF9-075F7B2F61AE}.Release|Any CPU.Deploy.0 = Release|Any CPU
		{D5F87347-EF66-402A-BDF9-075F7B2F61AE}.Release|ARM.ActiveCfg = Release|Any CPU
		{D5F87347-EF66-402A-BDF9-075F7B2F61AE}.Release|ARM.Build.0 = Release|Any CPU
		{D5F87347-EF66-402A-BDF9-075F7B2F61AE}.Release|ARM.Deploy.0 = Release|Any CPU
		{D5F87347-EF66-402A-BDF9-075F7B2F61AE}.Release|iPhone.ActiveCfg = Release|Any CPU
		{D5F87347-EF66-402A-BDF9-075F7B2F61AE}.Release|iPhone.Build.0 = Release|Any CPU
		{D5F87347-EF66-402A-BDF9-075F7B2F61AE}.Release|iPhone.Deploy.0 = Release|Any CPU
		{D5F87347-EF66-402A-BDF9-075F7B2F61AE}.Release|iPhoneSimulator.ActiveCfg = Release|Any CPU
		{D5F87347-EF66-402A-BDF9-075F7B2F61AE}.Release|iPhoneSimulator.Build.0 = Release|Any CPU
		{D5F87347-EF66-402A-BDF9-075F7B2F61AE}.Release|iPhoneSimulator.Deploy.0 = Release|Any CPU
		{D5F87347-EF66-402A-BDF9-075F7B2F61AE}.Release|x64.ActiveCfg = Release|Any CPU
		{D5F87347-EF66-402A-BDF9-075F7B2F61AE}.Release|x64.Build.0 = Release|Any CPU
		{D5F87347-EF66-402A-BDF9-075F7B2F61AE}.Release|x64.Deploy.0 = Release|Any CPU
		{D5F87347-EF66-402A-BDF9-075F7B2F61AE}.Release|x86.ActiveCfg = Release|Any CPU
		{D5F87347-EF66-402A-BDF9-075F7B2F61AE}.Release|x86.Build.0 = Release|Any CPU
		{D5F87347-EF66-402A-BDF9-075F7B2F61AE}.Release|x86.Deploy.0 = Release|Any CPU
		{BBB52C02-E36F-4D96-85C1-2EE303516F0F}.Ad-Hoc|Any CPU.ActiveCfg = Ad-Hoc|iPhone
		{BBB52C02-E36F-4D96-85C1-2EE303516F0F}.Ad-Hoc|ARM.ActiveCfg = Ad-Hoc|iPhone
		{BBB52C02-E36F-4D96-85C1-2EE303516F0F}.Ad-Hoc|iPhone.ActiveCfg = Ad-Hoc|iPhone
		{BBB52C02-E36F-4D96-85C1-2EE303516F0F}.Ad-Hoc|iPhone.Build.0 = Ad-Hoc|iPhone
		{BBB52C02-E36F-4D96-85C1-2EE303516F0F}.Ad-Hoc|iPhoneSimulator.ActiveCfg = Ad-Hoc|iPhoneSimulator
		{BBB52C02-E36F-4D96-85C1-2EE303516F0F}.Ad-Hoc|iPhoneSimulator.Build.0 = Ad-Hoc|iPhoneSimulator
		{BBB52C02-E36F-4D96-85C1-2EE303516F0F}.Ad-Hoc|x64.ActiveCfg = Ad-Hoc|iPhone
		{BBB52C02-E36F-4D96-85C1-2EE303516F0F}.Ad-Hoc|x86.ActiveCfg = Ad-Hoc|iPhone
		{BBB52C02-E36F-4D96-85C1-2EE303516F0F}.AppStore|Any CPU.ActiveCfg = AppStore|iPhone
		{BBB52C02-E36F-4D96-85C1-2EE303516F0F}.AppStore|ARM.ActiveCfg = AppStore|iPhone
		{BBB52C02-E36F-4D96-85C1-2EE303516F0F}.AppStore|iPhone.ActiveCfg = AppStore|iPhone
		{BBB52C02-E36F-4D96-85C1-2EE303516F0F}.AppStore|iPhone.Build.0 = AppStore|iPhone
		{BBB52C02-E36F-4D96-85C1-2EE303516F0F}.AppStore|iPhoneSimulator.ActiveCfg = AppStore|iPhoneSimulator
		{BBB52C02-E36F-4D96-85C1-2EE303516F0F}.AppStore|iPhoneSimulator.Build.0 = AppStore|iPhoneSimulator
		{BBB52C02-E36F-4D96-85C1-2EE303516F0F}.AppStore|x64.ActiveCfg = AppStore|iPhone
		{BBB52C02-E36F-4D96-85C1-2EE303516F0F}.AppStore|x86.ActiveCfg = AppStore|iPhone
		{BBB52C02-E36F-4D96-85C1-2EE303516F0F}.Debug|Any CPU.ActiveCfg = Debug|iPhone
		{BBB52C02-E36F-4D96-85C1-2EE303516F0F}.Debug|ARM.ActiveCfg = Debug|iPhone
		{BBB52C02-E36F-4D96-85C1-2EE303516F0F}.Debug|iPhone.ActiveCfg = Debug|iPhone
		{BBB52C02-E36F-4D96-85C1-2EE303516F0F}.Debug|iPhone.Build.0 = Debug|iPhone
		{BBB52C02-E36F-4D96-85C1-2EE303516F0F}.Debug|iPhoneSimulator.ActiveCfg = Debug|iPhoneSimulator
		{BBB52C02-E36F-4D96-85C1-2EE303516F0F}.Debug|iPhoneSimulator.Build.0 = Debug|iPhoneSimulator
		{BBB52C02-E36F-4D96-85C1-2EE303516F0F}.Debug|x64.ActiveCfg = Debug|iPhone
		{BBB52C02-E36F-4D96-85C1-2EE303516F0F}.Debug|x86.ActiveCfg = Debug|iPhone
		{BBB52C02-E36F-4D96-85C1-2EE303516F0F}.Release|Any CPU.ActiveCfg = Release|iPhone
		{BBB52C02-E36F-4D96-85C1-2EE303516F0F}.Release|ARM.ActiveCfg = Release|iPhone
		{BBB52C02-E36F-4D96-85C1-2EE303516F0F}.Release|iPhone.ActiveCfg = Release|iPhone
		{BBB52C02-E36F-4D96-85C1-2EE303516F0F}.Release|iPhone.Build.0 = Release|iPhone
		{BBB52C02-E36F-4D96-85C1-2EE303516F0F}.Release|iPhoneSimulator.ActiveCfg = Release|iPhoneSimulator
		{BBB52C02-E36F-4D96-85C1-2EE303516F0F}.Release|iPhoneSimulator.Build.0 = Release|iPhoneSimulator
		{BBB52C02-E36F-4D96-85C1-2EE303516F0F}.Release|x64.ActiveCfg = Release|iPhone
		{BBB52C02-E36F-4D96-85C1-2EE303516F0F}.Release|x86.ActiveCfg = Release|iPhone
	EndGlobalSection
	GlobalSection(SolutionProperties) = preSolution
		HideSolutionNode = FALSE
	EndGlobalSection
	GlobalSection(ExtensibilityGlobals) = postSolution
		SolutionGuid = {8C109D47-D0E6-47C8-9E0C-AD1076E80AD3}
	EndGlobalSection
EndGlobal
